
Microsoft Visual Studio Solution File, Format Version 12.00
# Visual Studio Version 16
VisualStudioVersion = 25.0.1704.1
MinimumVisualStudioVersion = 10.0.40219.1
Project("{FAE04EC0-301F-11D3-BF4B-00C04F79EFBC}") = "dotnet-crud-api", "dotnet-crud-api.csproj", "{BD65B415-1645-49C3-902F-D5DFE9206381}"
EndProject
Global
	GlobalSection(SolutionConfigurationPlatforms) = preSolution
		Debug|Any CPU = Debug|Any CPU
		Release|Any CPU = Release|Any CPU
	EndGlobalSection
	GlobalSection(ProjectConfigurationPlatforms) = postSolution
		{BD65B415-1645-49C3-902F-D5DFE9206381}.Debug|Any CPU.ActiveCfg = Debug|Any CPU
		{BD65B415-1645-49C3-902F-D5DFE9206381}.Debug|Any CPU.Build.0 = Debug|Any CPU
		{BD65B415-1645-49C3-902F-D5DFE9206381}.Release|Any CPU.ActiveCfg = Release|Any CPU
		{BD65B415-1645-49C3-902F-D5DFE9206381}.Release|Any CPU.Build.0 = Release|Any CPU
	EndGlobalSection
	GlobalSection(SolutionProperties) = preSolution
		HideSolutionNode = FALSE
	EndGlobalSection
	GlobalSection(ExtensibilityGlobals) = postSolution
		SolutionGuid = {EDE4B065-21A5-4F1D-880D-21857D88F13B}
	EndGlobalSection
EndGlobal
